
Microsoft Visual Studio Solution File, Format Version 12.00
# Visual Studio Version 17
VisualStudioVersion = 17.10.35013.160
MinimumVisualStudioVersion = 10.0.40219.1
Project("{FAE04EC0-301F-11D3-BF4B-00C04F79EFBC}") = "Aexra.TelegramBot", "Aexra.TelegramBot\Aexra.TelegramBot.csproj", "{83D0760A-2773-4E0A-953E-248CF5E5AEC4}"
EndProject
Project("{9A19103F-16F7-4668-BE54-9A1E7A4F7556}") = "Aexra.TelegramBot.Core", "Aexra.TelegramBot.Core\Aexra.TelegramBot.Core.csproj", "{4BA07EEC-7330-4B40-8554-47207120E0A3}"
EndProject
Global
	GlobalSection(SolutionConfigurationPlatforms) = preSolution
		Debug|Any CPU = Debug|Any CPU
		Release|Any CPU = Release|Any CPU
	EndGlobalSection
	GlobalSection(ProjectConfigurationPlatforms) = postSolution
		{83D0760A-2773-4E0A-953E-248CF5E5AEC4}.Debug|Any CPU.ActiveCfg = Debug|Any CPU
		{83D0760A-2773-4E0A-953E-248CF5E5AEC4}.Debug|Any CPU.Build.0 = Debug|Any CPU
		{83D0760A-2773-4E0A-953E-248CF5E5AEC4}.Release|Any CPU.ActiveCfg = Release|Any CPU
		{83D0760A-2773-4E0A-953E-248CF5E5AEC4}.Release|Any CPU.Build.0 = Release|Any CPU
		{4BA07EEC-7330-4B40-8554-47207120E0A3}.Debug|Any CPU.ActiveCfg = Debug|Any CPU
		{4BA07EEC-7330-4B40-8554-47207120E0A3}.Debug|Any CPU.Build.0 = Debug|Any CPU
		{4BA07EEC-7330-4B40-8554-47207120E0A3}.Release|Any CPU.ActiveCfg = Release|Any CPU
		{4BA07EEC-7330-4B40-8554-47207120E0A3}.Release|Any CPU.Build.0 = Release|Any CPU
	EndGlobalSection
	GlobalSection(SolutionProperties) = preSolution
		HideSolutionNode = FALSE
	EndGlobalSection
	GlobalSection(ExtensibilityGlobals) = postSolution
		SolutionGuid = {7A73796F-0EE6-4229-9934-F42B30229562}
	EndGlobalSection
EndGlobal
